# This file was autogenerated by uv via the following command:
#    uv pip compile requirements-python.in --python-version 3.11 --python-platform x86_64-unknown-linux-gnu --only-binary :all: --no-binary minicpmo-utils --index-strategy unsafe-best-match --emit-index-url --emit-build-options --output-file requirements-python.lock
--index-url https://pypi.org/simple
--extra-index-url https://download.pytorch.org/whl/cu121
--only-binary :all:
--no-binary minicpmo-utils

accelerate==1.6.0
    # via
    #   -r requirements-python.in
    #   peft
aiohappyeyeballs==2.7.1
    # via aiohttp
aiohttp==3.14.3
    # via
    #   datasets
    #   fsspec
aiosignal==1.4.0
    # via aiohttp
attrs==26.1.0
    # via aiohttp
audioread==3.1.0
    # via librosa
certifi==2026.7.22
    # via requests
cffi==2.1.1
    # via soundfile
charset-normalizer==3.5.1
    # via requests
cloudpickle==3.1.2
    # via joblib
coloredlogs==15.0.1
    # via onnxruntime
datasets==3.5.0
    # via -r requirements-python.in
decorator==5.3.1
    # via
    #   librosa
    #   moviepy
decord==0.6.0
    # via minicpmo-utils
dill==0.3.8
    # via
    #   datasets
    #   multiprocess
einops==0.8.1
    # via minicpmo-utils
filelock==4.0.0
    # via
    #   datasets
    #   huggingface-hub
    #   torch
    #   transformers
    #   triton
flatbuffers==25.12.19
    # via onnxruntime
frozenlist==1.8.0
    # via
    #   aiohttp
    #   aiosignal
fsspec==2024.12.0
    # via
    #   datasets
    #   huggingface-hub
    #   torch
gptqmodel @ https://github.com/ModelCloud/GPTQModel/releases/download/v1.5.1/gptqmodel-1.5.1%2Bcu121torch2.5-cp311-cp311-linux_x86_64.whl
    # via -r requirements-python.in
huggingface-hub==0.30.2
    # via
    #   -r requirements-python.in
    #   accelerate
    #   datasets
    #   optimum
    #   peft
    #   tokenizers
    #   transformers
humanfriendly==10.0
    # via coloredlogs
hyperpyyaml==1.2.3
    # via minicpmo-utils
idna==3.19
    # via
    #   requests
    #   yarl
imageio==2.37.4
    # via moviepy
imageio-ffmpeg==0.6.0
    # via moviepy
jinja2==3.1.6
    # via torch
joblib==1.6.0
    # via
    #   librosa
    #   scikit-learn
librosa==0.9.0
    # via minicpmo-utils
llvmlite==0.44.0
    # via
    #   -r requirements-python.in
    #   numba
markupsafe==3.0.3
    # via jinja2
minicpmo-utils==1.0.6
    # via -r requirements-python.in
moviepy==2.1.2
    # via minicpmo-utils
mpmath==1.3.0
    # via sympy
multidict==6.8.0
    # via
    #   aiohttp
    #   yarl
multiprocess==0.70.16
    # via datasets
narwhals==2.26.0
    # via scikit-learn
networkx==3.6.1
    # via torch
numba==0.61.2
    # via
    #   -r requirements-python.in
    #   librosa
    #   resampy
numpy==1.26.4
    # via
    #   -r requirements-python.in
    #   accelerate
    #   datasets
    #   decord
    #   imageio
    #   librosa
    #   minicpmo-utils
    #   moviepy
    #   numba
    #   onnx
    #   onnxruntime
    #   optimum
    #   pandas
    #   peft
    #   resampy
    #   scikit-learn
    #   scipy
    #   torchvision
    #   transformers
nvidia-cublas-cu12==12.1.3.1
    # via
    #   nvidia-cudnn-cu12
    #   nvidia-cusolver-cu12
    #   torch
nvidia-cuda-cupti-cu12==12.1.105
    # via torch
nvidia-cuda-nvrtc-cu12==12.1.105
    # via torch
nvidia-cuda-runtime-cu12==12.1.105
    # via torch
nvidia-cudnn-cu12==9.1.0.70
    # via torch
nvidia-cufft-cu12==11.0.2.54
    # via torch
nvidia-curand-cu12==10.3.2.106
    # via torch
nvidia-cusolver-cu12==11.4.5.107
    # via torch
nvidia-cusparse-cu12==12.1.0.106
    # via
    #   nvidia-cusolver-cu12
    #   torch
nvidia-nccl-cu12==2.21.5
    # via torch
nvidia-nvjitlink-cu12==12.9.86
    # via
    #   nvidia-cusolver-cu12
    #   nvidia-cusparse-cu12
nvidia-nvtx-cu12==12.1.105
    # via torch
onnx==1.17.0
    # via
    #   -r requirements-python.in
    #   minicpmo-utils
onnxruntime==1.21.0
    # via
    #   -r requirements-python.in
    #   minicpmo-utils
optimum==1.26.1
    # via -r requirements-python.in
packaging==26.3
    # via
    #   accelerate
    #   datasets
    #   huggingface-hub
    #   librosa
    #   onnxruntime
    #   optimum
    #   peft
    #   pooch
    #   transformers
pandas==2.2.3
    # via
    #   -r requirements-python.in
    #   datasets
peft==0.15.2
    # via -r requirements-python.in
pillow==10.4.0
    # via
    #   imageio
    #   minicpmo-utils
    #   moviepy
    #   torchvision
platformdirs==4.11.9
    # via pooch
pooch==1.9.0
    # via librosa
proglog==0.1.12
    # via moviepy
propcache==0.5.4
    # via
    #   aiohttp
    #   yarl
protobuf==7.36.1
    # via
    #   onnx
    #   onnxruntime
psutil==7.2.2
    # via
    #   accelerate
    #   peft
pyarrow==25.0.1
    # via datasets
pycparser==3.0
    # via cffi
python-dateutil==2.9.0.post0
    # via pandas
python-dotenv==1.2.3
    # via moviepy
pytz==2026.3.post1
    # via pandas
pyyaml==6.0.3
    # via
    #   accelerate
    #   datasets
    #   huggingface-hub
    #   hyperpyyaml
    #   peft
    #   transformers
regex==2026.9.10
    # via transformers
requests==2.34.2
    # via
    #   datasets
    #   huggingface-hub
    #   pooch
    #   transformers
resampy==0.4.3
    # via librosa
ruamel-yaml==0.18.17
    # via hyperpyyaml
ruamel-yaml-clib==0.2.15
    # via ruamel-yaml
safetensors==0.8.0
    # via
    #   accelerate
    #   peft
    #   transformers
scikit-learn==1.9.1
    # via librosa
scipy==1.15.3
    # via
    #   -r requirements-python.in
    #   librosa
    #   minicpmo-utils
    #   scikit-learn
six==1.17.0
    # via python-dateutil
soundfile==0.12.1
    # via
    #   -r requirements-python.in
    #   librosa
    #   minicpmo-utils
sympy==1.13.1
    # via
    #   onnxruntime
    #   torch
threadpoolctl==3.7.0
    # via scikit-learn
tokenizers==0.21.4
    # via transformers
torch==2.5.1+cu121
    # via
    #   -r requirements-python.in
    #   accelerate
    #   minicpmo-utils
    #   optimum
    #   peft
    #   torchaudio
    #   torchvision
torchaudio==2.5.1+cu121
    # via
    #   -r requirements-python.in
    #   minicpmo-utils
torchvision==0.20.1+cu121
    # via -r requirements-python.in
tqdm==4.70.1
    # via
    #   datasets
    #   huggingface-hub
    #   minicpmo-utils
    #   peft
    #   proglog
    #   transformers
transformers==4.51.0
    # via
    #   -r requirements-python.in
    #   minicpmo-utils
    #   optimum
    #   peft
triton==3.1.0
    # via torch
typing-extensions==4.16.0
    # via
    #   aiohttp
    #   aiosignal
    #   huggingface-hub
    #   torch
tzdata==2026.4
    # via pandas
urllib3==2.8.0
    # via requests
xxhash==4.0.1
    # via datasets
yarl==1.25.1
    # via aiohttp
